// !$*UTF8*$!
{
	archiveVersion = 1;
	classes = {
	};
	objectVersion = 46;
	objects = {

/* Begin PBXBuildFile section */
		4B7040B41E6464DB00E59DC1 /* JumpingFrogs.swift in Sources */ = {isa = PBXBuildFile; fileRef = 4B7040B31E6464DB00E59DC1 /* JumpingFrogs.swift */; };
		4B7040B51E6464E700E59DC1 /* SearchTreeKit.framework in Frameworks */ = {isa = PBXBuildFile; fileRef = 4B7040B01E6464C000E59DC1 /* SearchTreeKit.framework */; };
		4BE270521E6463F600CD4BFC /* AppDelegate.swift in Sources */ = {isa = PBXBuildFile; fileRef = 4BE270511E6463F600CD4BFC /* AppDelegate.swift */; };
		4BE270541E6463F600CD4BFC /* Assets.xcassets in Resources */ = {isa = PBXBuildFile; fileRef = 4BE270531E6463F600CD4BFC /* Assets.xcassets */; };
		4BE270571E6463F600CD4BFC /* MainMenu.xib in Resources */ = {isa = PBXBuildFile; fileRef = 4BE270551E6463F600CD4BFC /* MainMenu.xib */; };
/* End PBXBuildFile section */

/* Begin PBXContainerItemProxy section */
		4B7040AB1E6464C000E59DC1 /* PBXContainerItemProxy */ = {
			isa = PBXContainerItemProxy;
			containerPortal = 4B7040A41E6464C000E59DC1 /* SearchTreeKit.xcodeproj */;
			proxyType = 2;
			remoteGlobalIDString = 4B6064DE1E1A106C00172FA6;
			remoteInfo = SearchTreeKit;
		};
		4B7040AD1E6464C000E59DC1 /* PBXContainerItemProxy */ = {
			isa = PBXContainerItemProxy;
			containerPortal = 4B7040A41E6464C000E59DC1 /* SearchTreeKit.xcodeproj */;
			proxyType = 2;
			remoteGlobalIDString = 4B6064E71E1A106C00172FA6;
			remoteInfo = SearchTreeKitTests;
		};
		4B7040AF1E6464C000E59DC1 /* PBXContainerItemProxy */ = {
			isa = PBXContainerItemProxy;
			containerPortal = 4B7040A41E6464C000E59DC1 /* SearchTreeKit.xcodeproj */;
			proxyType = 2;
			remoteGlobalIDString = 4B6064FD1E1A109000172FA6;
			remoteInfo = "SearchTreeKit iOS";
		};
		4B7040B11E6464C000E59DC1 /* PBXContainerItemProxy */ = {
			isa = PBXContainerItemProxy;
			containerPortal = 4B7040A41E6464C000E59DC1 /* SearchTreeKit.xcodeproj */;
			proxyType = 2;
			remoteGlobalIDString = 4B6065051E1A109000172FA6;
			remoteInfo = "SearchTreeKit iOSTests";
		};
/* End PBXContainerItemProxy section */

/* Begin PBXFileReference section */
		4B7040A41E6464C000E59DC1 /* SearchTreeKit.xcodeproj */ = {isa = PBXFileReference; lastKnownFileType = "wrapper.pb-project"; name = SearchTreeKit.xcodeproj; path = SearchTreeKit/SearchTreeKit.xcodeproj; sourceTree = "<group>"; };
		4B7040B31E6464DB00E59DC1 /* JumpingFrogs.swift */ = {isa = PBXFileReference; fileEncoding = 4; lastKnownFileType = sourcecode.swift; path = JumpingFrogs.swift; sourceTree = "<group>"; };
		4BE2704E1E6463F600CD4BFC /* Jumping Frogs.app */ = {isa = PBXFileReference; explicitFileType = wrapper.application; includeInIndex = 0; path = "Jumping Frogs.app"; sourceTree = BUILT_PRODUCTS_DIR; };
		4BE270511E6463F600CD4BFC /* AppDelegate.swift */ = {isa = PBXFileReference; lastKnownFileType = sourcecode.swift; path = AppDelegate.swift; sourceTree = "<group>"; };
		4BE270531E6463F600CD4BFC /* Assets.xcassets */ = {isa = PBXFileReference; lastKnownFileType = folder.assetcatalog; path = Assets.xcassets; sourceTree = "<group>"; };
		4BE270561E6463F600CD4BFC /* Base */ = {isa = PBXFileReference; lastKnownFileType = file.xib; name = Base; path = Base.lproj/MainMenu.xib; sourceTree = "<group>"; };
		4BE270581E6463F600CD4BFC /* Info.plist */ = {isa = PBXFileReference; lastKnownFileType = text.plist.xml; path = Info.plist; sourceTree = "<group>"; };
/* End PBXFileReference section */

/* Begin PBXFrameworksBuildPhase section */
		4BE2704B1E6463F600CD4BFC /* Frameworks */ = {
			isa = PBXFrameworksBuildPhase;
			buildActionMask = 2147483647;
			files = (
				4B7040B51E6464E700E59DC1 /* SearchTreeKit.framework in Frameworks */,
			);
			runOnlyForDeploymentPostprocessing = 0;
		};
/* End PBXFrameworksBuildPhase section */

/* Begin PBXGroup section */
		4B7040A51E6464C000E59DC1 /* Products */ = {
			isa = PBXGroup;
			children = (
				4B7040AC1E6464C000E59DC1 /* SearchTreeKit.framework */,
				4B7040AE1E6464C000E59DC1 /* SearchTreeKitTests.xctest */,
				4B7040B01E6464C000E59DC1 /* SearchTreeKit.framework */,
				4B7040B21E6464C000E59DC1 /* SearchTreeKit iOSTests.xctest */,
			);
			name = Products;
			sourceTree = "<group>";
		};
		4BE270451E6463F600CD4BFC = {
			isa = PBXGroup;
			children = (
				4B7040A41E6464C000E59DC1 /* SearchTreeKit.xcodeproj */,
				4BE270501E6463F600CD4BFC /* Jumping Frogs */,
				4BE2704F1E6463F600CD4BFC /* Products */,
			);
			sourceTree = "<group>";
		};
		4BE2704F1E6463F600CD4BFC /* Products */ = {
			isa = PBXGroup;
			children = (
				4BE2704E1E6463F600CD4BFC /* Jumping Frogs.app */,
			);
			name = Products;
			sourceTree = "<group>";
		};
		4BE270501E6463F600CD4BFC /* Jumping Frogs */ = {
			isa = PBXGroup;
			children = (
				4BE270511E6463F600CD4BFC /* AppDelegate.swift */,
				4BE270531E6463F600CD4BFC /* Assets.xcassets */,
				4BE270551E6463F600CD4BFC /* MainMenu.xib */,
				4BE270581E6463F600CD4BFC /* Info.plist */,
				4B7040B31E6464DB00E59DC1 /* JumpingFrogs.swift */,
			);
			path = "Jumping Frogs";
			sourceTree = "<group>";
		};
/* End PBXGroup section */

/* Begin PBXNativeTarget section */
		4BE2704D1E6463F600CD4BFC /* Jumping Frogs */ = {
			isa = PBXNativeTarget;
			buildConfigurationList = 4BE2705B1E6463F600CD4BFC /* Build configuration list for PBXNativeTarget "Jumping Frogs" */;
			buildPhases = (
				4BE2704A1E6463F600CD4BFC /* Sources */,
				4BE2704B1E6463F600CD4BFC /* Frameworks */,
				4BE2704C1E6463F600CD4BFC /* Resources */,
			);
			buildRules = (
			);
			dependencies = (
			);
			name = "Jumping Frogs";
			productName = "Jumping Frogs";
			productReference = 4BE2704E1E6463F600CD4BFC /* Jumping Frogs.app */;
			productType = "com.apple.product-type.application";
		};
/* End PBXNativeTarget section */

/* Begin PBXProject section */
		4BE270461E6463F600CD4BFC /* Project object */ = {
			isa = PBXProject;
			attributes = {
				LastSwiftUpdateCheck = 0820;
				LastUpgradeCheck = 0820;
				ORGANIZATIONNAME = ChristopherFonseka;
				TargetAttributes = {
					4BE2704D1E6463F600CD4BFC = {
						CreatedOnToolsVersion = 8.2.1;
						DevelopmentTeam = LH8455G983;
						ProvisioningStyle = Automatic;
					};
				};
			};
			buildConfigurationList = 4BE270491E6463F600CD4BFC /* Build configuration list for PBXProject "Jumping Frogs" */;
			compatibilityVersion = "Xcode 3.2";
			developmentRegion = English;
			hasScannedForEncodings = 0;
			knownRegions = (
				en,
				Base,
			);
			mainGroup = 4BE270451E6463F600CD4BFC;
			productRefGroup = 4BE2704F1E6463F600CD4BFC /* Products */;
			projectDirPath = "";
			projectReferences = (
				{
					ProductGroup = 4B7040A51E6464C000E59DC1 /* Products */;
					ProjectRef = 4B7040A41E6464C000E59DC1 /* SearchTreeKit.xcodeproj */;
				},
			);
			projectRoot = "";
			targets = (
				4BE2704D1E6463F600CD4BFC /* Jumping Frogs */,
			);
		};
/* End PBXProject section */

/* Begin PBXReferenceProxy section */
		4B7040AC1E6464C000E59DC1 /* SearchTreeKit.framework */ = {
			isa = PBXReferenceProxy;
			fileType = wrapper.framework;
			path = SearchTreeKit.framework;
			remoteRef = 4B7040AB1E6464C000E59DC1 /* PBXContainerItemProxy */;
			sourceTree = BUILT_PRODUCTS_DIR;
		};
		4B7040AE1E6464C000E59DC1 /* SearchTreeKitTests.xctest */ = {
			isa = PBXReferenceProxy;
			fileType = wrapper.cfbundle;
			path = SearchTreeKitTests.xctest;
			remoteRef = 4B7040AD1E6464C000E59DC1 /* PBXContainerItemProxy */;
			sourceTree = BUILT_PRODUCTS_DIR;
		};
		4B7040B01E6464C000E59DC1 /* SearchTreeKit.framework */ = {
			isa = PBXReferenceProxy;
			fileType = wrapper.framework;
			path = SearchTreeKit.framework;
			remoteRef = 4B7040AF1E6464C000E59DC1 /* PBXContainerItemProxy */;
			sourceTree = BUILT_PRODUCTS_DIR;
		};
		4B7040B21E6464C000E59DC1 /* SearchTreeKit iOSTests.xctest */ = {
			isa = PBXReferenceProxy;
			fileType = wrapper.cfbundle;
			path = "SearchTreeKit iOSTests.xctest";
			remoteRef = 4B7040B11E6464C000E59DC1 /* PBXContainerItemProxy */;
			sourceTree = BUILT_PRODUCTS_DIR;
		};
/* End PBXReferenceProxy section */

/* Begin PBXResourcesBuildPhase section */
		4BE2704C1E6463F600CD4BFC /* Resources */ = {
			isa = PBXResourcesBuildPhase;
			buildActionMask = 2147483647;
			files = (
				4BE270541E6463F600CD4BFC /* Assets.xcassets in Resources */,
				4BE270571E6463F600CD4BFC /* MainMenu.xib in Resources */,
			);
			runOnlyForDeploymentPostprocessing = 0;
		};
/* End PBXResourcesBuildPhase section */

/* Begin PBXSourcesBuildPhase section */
		4BE2704A1E6463F600CD4BFC /* Sources */ = {
			isa = PBXSourcesBuildPhase;
			buildActionMask = 2147483647;
			files = (
				4B7040B41E6464DB00E59DC1 /* JumpingFrogs.swift in Sources */,
				4BE270521E6463F600CD4BFC /* AppDelegate.swift in Sources */,
			);
			runOnlyForDeploymentPostprocessing = 0;
		};
/* End PBXSourcesBuildPhase section */

/* Begin PBXVariantGroup section */
		4BE270551E6463F600CD4BFC /* MainMenu.xib */ = {
			isa = PBXVariantGroup;
			children = (
				4BE270561E6463F600CD4BFC /* Base */,
			);
			name = MainMenu.xib;
			sourceTree = "<group>";
		};
/* End PBXVariantGroup section */

/* Begin XCBuildConfiguration section */
		4BE270591E6463F600CD4BFC /* Debug */ = {
			isa = XCBuildConfiguration;
			buildSettings = {
				ALWAYS_SEARCH_USER_PATHS = NO;
				CLANG_ANALYZER_NONNULL = YES;
				CLANG_CXX_LANGUAGE_STANDARD = "gnu++0x";
				CLANG_CXX_LIBRARY = "libc++";
				CLANG_ENABLE_MODULES = YES;
				CLANG_ENABLE_OBJC_ARC = YES;
				CLANG_WARN_BOOL_CONVERSION = YES;
				CLANG_WARN_CONSTANT_CONVERSION = YES;
				CLANG_WARN_DIRECT_OBJC_ISA_USAGE = YES_ERROR;
				CLANG_WARN_DOCUMENTATION_COMMENTS = YES;
				CLANG_WARN_EMPTY_BODY = YES;
				CLANG_WARN_ENUM_CONVERSION = YES;
				CLANG_WARN_INFINITE_RECURSION = YES;
				CLANG_WARN_INT_CONVERSION = YES;
				CLANG_WARN_OBJC_ROOT_CLASS = YES_ERROR;
				CLANG_WARN_SUSPICIOUS_MOVE = YES;
				CLANG_WARN_UNREACHABLE_CODE = YES;
				CLANG_WARN__DUPLICATE_METHOD_MATCH = YES;
				CODE_SIGN_IDENTITY = "-";
				COPY_PHASE_STRIP = NO;
				DEBUG_INFORMATION_FORMAT = dwarf;
				ENABLE_STRICT_OBJC_MSGSEND = YES;
				ENABLE_TESTABILITY = YES;
				GCC_C_LANGUAGE_STANDARD = gnu99;
				GCC_DYNAMIC_NO_PIC = NO;
				GCC_NO_COMMON_BLOCKS = YES;
				GCC_OPTIMIZATION_LEVEL = 0;
				GCC_PREPROCESSOR_DEFINITIONS = (
					"DEBUG=1",
					"$(inherited)",
				);
				GCC_WARN_64_TO_32_BIT_CONVERSION = YES;
				GCC_WARN_ABOUT_RETURN_TYPE = YES_ERROR;
				GCC_WARN_UNDECLARED_SELECTOR = YES;
				GCC_WARN_UNINITIALIZED_AUTOS = YES_AGGRESSIVE;
				GCC_WARN_UNUSED_FUNCTION = YES;
				GCC_WARN_UNUSED_VARIABLE = YES;
				MACOSX_DEPLOYMENT_TARGET = 10.12;
				MTL_ENABLE_DEBUG_INFO = YES;
				ONLY_ACTIVE_ARCH = YES;
				SDKROOT = macosx;
				SWIFT_ACTIVE_COMPILATION_CONDITIONS = DEBUG;
				SWIFT_OPTIMIZATION_LEVEL = "-Onone";
			};
			name = Debug;
		};
		4BE2705A1E6463F600CD4BFC /* Release */ = {
			isa = XCBuildConfiguration;
			buildSettings = {
				ALWAYS_SEARCH_USER_PATHS = NO;
				CLANG_ANALYZER_NONNULL = YES;
				CLANG_CXX_LANGUAGE_STANDARD = "gnu++0x";
				CLANG_CXX_LIBRARY = "libc++";
				CLANG_ENABLE_MODULES = YES;
				CLANG_ENABLE_OBJC_ARC = YES;
				CLANG_WARN_BOOL_CONVERSION = YES;
				CLANG_WARN_CONSTANT_CONVERSION = YES;
				CLANG_WARN_DIRECT_OBJC_ISA_USAGE = YES_ERROR;
				CLANG_WARN_DOCUMENTATION_COMMENTS = YES;
				CLANG_WARN_EMPTY_BODY = YES;
				CLANG_WARN_ENUM_CONVERSION = YES;
				CLANG_WARN_INFINITE_RECURSION = YES;
				CLANG_WARN_INT_CONVERSION = YES;
				CLANG_WARN_OBJC_ROOT_CLASS = YES_ERROR;
				CLANG_WARN_SUSPICIOUS_MOVE = YES;
				CLANG_WARN_UNREACHABLE_CODE = YES;
				CLANG_WARN__DUPLICATE_METHOD_MATCH = YES;
				CODE_SIGN_IDENTITY = "-";
				COPY_PHASE_STRIP = NO;
				DEBUG_INFORMATION_FORMAT = "dwarf-with-dsym";
				ENABLE_NS_ASSERTIONS = NO;
				ENABLE_STRICT_OBJC_MSGSEND = YES;
				GCC_C_LANGUAGE_STANDARD = gnu99;
				GCC_NO_COMMON_BLOCKS = YES;
				GCC_WARN_64_TO_32_BIT_CONVERSION = YES;
				GCC_WARN_ABOUT_RETURN_TYPE = YES_ERROR;
				GCC_WARN_UNDECLARED_SELECTOR = YES;
				GCC_WARN_UNINITIALIZED_AUTOS = YES_AGGRESSIVE;
				GCC_WARN_UNUSED_FUNCTION = YES;
				GCC_WARN_UNUSED_VARIABLE = YES;
				MACOSX_DEPLOYMENT_TARGET = 10.12;
				MTL_ENABLE_DEBUG_INFO = NO;
				SDKROOT = macosx;
				SWIFT_OPTIMIZATION_LEVEL = "-Owholemodule";
			};
			name = Release;
		};
		4BE2705C1E6463F600CD4BFC /* Debug */ = {
			isa = XCBuildConfiguration;
			buildSettings = {
				ASSETCATALOG_COMPILER_APPICON_NAME = AppIcon;
				COMBINE_HIDPI_IMAGES = YES;
				DEVELOPMENT_TEAM = LH8455G983;
				INFOPLIST_FILE = "Jumping Frogs/Info.plist";
				LD_RUNPATH_SEARCH_PATHS = "$(inherited) @executable_path/../Frameworks";
				PRODUCT_BUNDLE_IDENTIFIER = "com.christopherFonseka.Jumping-Frogs";
				PRODUCT_NAME = "$(TARGET_NAME)";
				SWIFT_VERSION = 3.0;
			};
			name = Debug;
		};
		4BE2705D1E6463F600CD4BFC /* Release */ = {
			isa = XCBuildConfiguration;
			buildSettings = {
				ASSETCATALOG_COMPILER_APPICON_NAME = AppIcon;
				COMBINE_HIDPI_IMAGES = YES;
				DEVELOPMENT_TEAM = LH8455G983;
				INFOPLIST_FILE = "Jumping Frogs/Info.plist";
				LD_RUNPATH_SEARCH_PATHS = "$(inherited) @executable_path/../Frameworks";
				PRODUCT_BUNDLE_IDENTIFIER = "com.christopherFonseka.Jumping-Frogs";
				PRODUCT_NAME = "$(TARGET_NAME)";
				SWIFT_VERSION = 3.0;
			};
			name = Release;
		};
/* End XCBuildConfiguration section */

/* Begin XCConfigurationList section */
		4BE270491E6463F600CD4BFC /* Build configuration list for PBXProject "Jumping Frogs" */ = {
			isa = XCConfigurationList;
			buildConfigurations = (
				4BE270591E6463F600CD4BFC /* Debug */,
				4BE2705A1E6463F600CD4BFC /* Release */,
			);
			defaultConfigurationIsVisible = 0;
			defaultConfigurationName = Release;
		};
		4BE2705B1E6463F600CD4BFC /* Build configuration list for PBXNativeTarget "Jumping Frogs" */ = {
			isa = XCConfigurationList;
			buildConfigurations = (
				4BE2705C1E6463F600CD4BFC /* Debug */,
				4BE2705D1E6463F600CD4BFC /* Release */,
			);
			defaultConfigurationIsVisible = 0;
			defaultConfigurationName = Release;
		};
/* End XCConfigurationList section */
	};
	rootObject = 4BE270461E6463F600CD4BFC /* Project object */;
}
